
Microsoft Visual Studio Solution File, Format Version 12.00
# Visual Studio Version 16
VisualStudioVersion = 16.0.29721.120
MinimumVisualStudioVersion = 10.0.40219.1
Project("{FAE04EC0-301F-11D3-BF4B-00C04F79EFBC}") = "Linq", "Linq\Linq.csproj", "{20188E66-E75E-430F-9310-DC77441C8CFA}"
EndProject
Global
	GlobalSection(SolutionConfigurationPlatforms) = preSolution
		Debug|Any CPU = Debug|Any CPU
		Release|Any CPU = Release|Any CPU
	EndGlobalSection
	GlobalSection(ProjectConfigurationPlatforms) = postSolution
		{20188E66-E75E-430F-9310-DC77441C8CFA}.Debug|Any CPU.ActiveCfg = Debug|Any CPU
		{20188E66-E75E-430F-9310-DC77441C8CFA}.Debug|Any CPU.Build.0 = Debug|Any CPU
		{20188E66-E75E-430F-9310-DC77441C8CFA}.Release|Any CPU.ActiveCfg = Release|Any CPU
		{20188E66-E75E-430F-9310-DC77441C8CFA}.Release|Any CPU.Build.0 = Release|Any CPU
	EndGlobalSection
	GlobalSection(SolutionProperties) = preSolution
		HideSolutionNode = FALSE
	EndGlobalSection
	GlobalSection(ExtensibilityGlobals) = postSolution
		SolutionGuid = {D8FC039E-D977-4AA8-B373-569BEC471FF0}
	EndGlobalSection
EndGlobal
